
Microsoft Visual Studio Solution File, Format Version 12.00
# Visual Studio Version 16
VisualStudioVersion = 16.0.30503.244
MinimumVisualStudioVersion = 10.0.40219.1
Project("{F184B08F-C81C-45F6-A57F-5ABD9991F28F}") = "HtmlDOMSample", "HtmlDOMSample\HtmlDOMSample.vbproj", "{8227AE56-D078-4E71-B5D5-2CF5CBCFEFFC}"
EndProject
Global
	GlobalSection(SolutionConfigurationPlatforms) = preSolution
		Debug|Any CPU = Debug|Any CPU
		Release|Any CPU = Release|Any CPU
	EndGlobalSection
	GlobalSection(ProjectConfigurationPlatforms) = postSolution
		{8227AE56-D078-4E71-B5D5-2CF5CBCFEFFC}.Debug|Any CPU.ActiveCfg = Debug|Any CPU
		{8227AE56-D078-4E71-B5D5-2CF5CBCFEFFC}.Debug|Any CPU.Build.0 = Debug|Any CPU
		{8227AE56-D078-4E71-B5D5-2CF5CBCFEFFC}.Release|Any CPU.ActiveCfg = Release|Any CPU
		{8227AE56-D078-4E71-B5D5-2CF5CBCFEFFC}.Release|Any CPU.Build.0 = Release|Any CPU
	EndGlobalSection
	GlobalSection(SolutionProperties) = preSolution
		HideSolutionNode = FALSE
	EndGlobalSection
	GlobalSection(ExtensibilityGlobals) = postSolution
		SolutionGuid = {A4A887A4-2EA4-4B88-A83B-3BDB0C2064D6}
	EndGlobalSection
EndGlobal
